
Microsoft Visual Studio Solution File, Format Version 12.00
# Visual Studio Version 16
VisualStudioVersion = 16.0.29905.134
MinimumVisualStudioVersion = 10.0.40219.1
Project("{FAE04EC0-301F-11D3-BF4B-00C04F79EFBC}") = "WebApi", "WebApi\WebApi.csproj", "{F72924F4-50AA-4006-AB59-07C7A22BEF5F}"
EndProject
Project("{FAE04EC0-301F-11D3-BF4B-00C04F79EFBC}") = "Blazor", "Blazor\Blazor.csproj", "{4925FA33-B78B-4C63-B695-9CD6C23A996B}"
EndProject
Global
	GlobalSection(SolutionConfigurationPlatforms) = preSolution
		Debug|Any CPU = Debug|Any CPU
		Release|Any CPU = Release|Any CPU
	EndGlobalSection
	GlobalSection(ProjectConfigurationPlatforms) = postSolution
		{F72924F4-50AA-4006-AB59-07C7A22BEF5F}.Debug|Any CPU.ActiveCfg = Debug|Any CPU
		{F72924F4-50AA-4006-AB59-07C7A22BEF5F}.Debug|Any CPU.Build.0 = Debug|Any CPU
		{F72924F4-50AA-4006-AB59-07C7A22BEF5F}.Release|Any CPU.ActiveCfg = Release|Any CPU
		{F72924F4-50AA-4006-AB59-07C7A22BEF5F}.Release|Any CPU.Build.0 = Release|Any CPU
		{4925FA33-B78B-4C63-B695-9CD6C23A996B}.Debug|Any CPU.ActiveCfg = Debug|Any CPU
		{4925FA33-B78B-4C63-B695-9CD6C23A996B}.Debug|Any CPU.Build.0 = Debug|Any CPU
		{4925FA33-B78B-4C63-B695-9CD6C23A996B}.Release|Any CPU.ActiveCfg = Release|Any CPU
		{4925FA33-B78B-4C63-B695-9CD6C23A996B}.Release|Any CPU.Build.0 = Release|Any CPU
	EndGlobalSection
	GlobalSection(SolutionProperties) = preSolution
		HideSolutionNode = FALSE
	EndGlobalSection
	GlobalSection(ExtensibilityGlobals) = postSolution
		SolutionGuid = {5EFC8772-8DFB-489B-9CE3-783EF77FC875}
	EndGlobalSection
EndGlobal
